# This file is automatically @generated by Cargo.
# It is not intended for manual editing.
version = 4

[[package]]
name = "music-ast"
version = "0.1.0"

[[package]]
name = "music-basic"
version = "0.1.0"

[[package]]
name = "music-codegen"
version = "0.1.0"

[[package]]
name = "music-lex"
version = "0.1.0"

[[package]]
name = "music-parse"
version = "0.1.0"

[[package]]
name = "music-sema"
version = "0.1.0"
